
Microsoft Visual Studio Solution File, Format Version 11.00
# Visual Studio 2010
Project("{FAE04EC0-301F-11D3-BF4B-00C04F79EFBC}") = "SimpleWebsite", "SimpleWebsite\SimpleWebsite.csproj", "{7EC339A2-4268-4C0E-9EF4-FC8821CAD065}"
EndProject
Global
	GlobalSection(SolutionConfigurationPlatforms) = preSolution
		Debug|Any CPU = Debug|Any CPU
		Release|Any CPU = Release|Any CPU
	EndGlobalSection
	GlobalSection(ProjectConfigurationPlatforms) = postSolution
		{7EC339A2-4268-4C0E-9EF4-FC8821CAD065}.Debug|Any CPU.ActiveCfg = Debug|Any CPU
		{7EC339A2-4268-4C0E-9EF4-FC8821CAD065}.Debug|Any CPU.Build.0 = Debug|Any CPU
		{7EC339A2-4268-4C0E-9EF4-FC8821CAD065}.Release|Any CPU.ActiveCfg = Release|Any CPU
		{7EC339A2-4268-4C0E-9EF4-FC8821CAD065}.Release|Any CPU.Build.0 = Release|Any CPU
	EndGlobalSection
	GlobalSection(SolutionProperties) = preSolution
		HideSolutionNode = FALSE
	EndGlobalSection
EndGlobal
